// !$*UTF8*$!
{
	archiveVersion = 1;
	classes = {
	};
	objectVersion = 55;
	objects = {

/* Begin PBXBuildFile section */
		099C88A27B48E7D89375FA79 /* MapProvider.swift in Sources */ = {isa = PBXBuildFile; fileRef = 5A67F7EB103FEF6459E73F93 /* MapProvider.swift */; };
		51438C6AC982B04FC0176B1D /* MapDataFlow.swift in Sources */ = {isa = PBXBuildFile; fileRef = 10C4FBFDA68347787C200BFC /* MapDataFlow.swift */; };
		5C69EF13B425640DC3567C64 /* MapInteractor.swift in Sources */ = {isa = PBXBuildFile; fileRef = 600B10B14E1291C49AE3919F /* MapInteractor.swift */; };
		86A7A7831056D18A946B0C4E /* MapViewController.swift in Sources */ = {isa = PBXBuildFile; fileRef = 1EF19F86E9657973EC32EE71 /* MapViewController.swift */; };
		89135120BC838FA8F077EFD1 /* MapAssembly.swift in Sources */ = {isa = PBXBuildFile; fileRef = BB7C3572357B3E8B2186F928 /* MapAssembly.swift */; };
		897C84F115C1E05BCB4B7550 /* MapView.swift in Sources */ = {isa = PBXBuildFile; fileRef = 1912530A19BBF869319D4012 /* MapView.swift */; };
		9833715EBBB037DBA7E06264 /* MapPresenter.swift in Sources */ = {isa = PBXBuildFile; fileRef = 443716F0D5DC0F7A8F355C02 /* MapPresenter.swift */; };
		9D3E0BFB3265645CA3627B14 /* MapInputProtocol.swift in Sources */ = {isa = PBXBuildFile; fileRef = FD14D2AB9BDB5F47BAD19065 /* MapInputProtocol.swift */; };
		BBCDEFED282D3C7A00FFC166 /* AppDelegate.swift in Sources */ = {isa = PBXBuildFile; fileRef = BBCDEFEC282D3C7A00FFC166 /* AppDelegate.swift */; };
		BBCDEFEF282D3C7A00FFC166 /* SceneDelegate.swift in Sources */ = {isa = PBXBuildFile; fileRef = BBCDEFEE282D3C7A00FFC166 /* SceneDelegate.swift */; };
		BBCDEFF6282D3C7B00FFC166 /* Assets.xcassets in Resources */ = {isa = PBXBuildFile; fileRef = BBCDEFF5282D3C7B00FFC166 /* Assets.xcassets */; };
		BBCDEFF9282D3C7B00FFC166 /* LaunchScreen.storyboard in Resources */ = {isa = PBXBuildFile; fileRef = BBCDEFF7282D3C7B00FFC166 /* LaunchScreen.storyboard */; };
		BBCDF004282D3C7B00FFC166 /* TestTaskWaadsuTests.swift in Sources */ = {isa = PBXBuildFile; fileRef = BBCDF003282D3C7B00FFC166 /* TestTaskWaadsuTests.swift */; };
		BBCDF00E282D3C7B00FFC166 /* TestTaskWaadsuUITests.swift in Sources */ = {isa = PBXBuildFile; fileRef = BBCDF00D282D3C7B00FFC166 /* TestTaskWaadsuUITests.swift */; };
		BBCDF010282D3C7B00FFC166 /* TestTaskWaadsuUITestsLaunchTests.swift in Sources */ = {isa = PBXBuildFile; fileRef = BBCDF00F282D3C7B00FFC166 /* TestTaskWaadsuUITestsLaunchTests.swift */; };
		BBCDF025282D413D00FFC166 /* AppCoordinator.swift in Sources */ = {isa = PBXBuildFile; fileRef = BBCDF024282D413D00FFC166 /* AppCoordinator.swift */; };
		BBCDF027282D415000FFC166 /* AppDependency.swift in Sources */ = {isa = PBXBuildFile; fileRef = BBCDF026282D415000FFC166 /* AppDependency.swift */; };
		BBCDF02A282D448E00FFC166 /* Localize.swift in Sources */ = {isa = PBXBuildFile; fileRef = BBCDF029282D448E00FFC166 /* Localize.swift */; };
		BBCDF02D282D4B7700FFC166 /* API.swift in Sources */ = {isa = PBXBuildFile; fileRef = BBCDF02C282D4B7700FFC166 /* API.swift */; };
		BBCDF030282D4C6700FFC166 /* PromiseKit in Frameworks */ = {isa = PBXBuildFile; productRef = BBCDF02F282D4C6700FFC166 /* PromiseKit */; };
		BBCDF033282D4C7C00FFC166 /* SnapKit in Frameworks */ = {isa = PBXBuildFile; productRef = BBCDF032282D4C7C00FFC166 /* SnapKit */; };
		BBCDF035282D4CA200FFC166 /* NetworkService.swift in Sources */ = {isa = PBXBuildFile; fileRef = BBCDF034282D4CA200FFC166 /* NetworkService.swift */; };
		BBCDF037282D4D4000FFC166 /* NetworkServiceProtocol.swift in Sources */ = {isa = PBXBuildFile; fileRef = BBCDF036282D4D4000FFC166 /* NetworkServiceProtocol.swift */; };
		BBCDF039282D4DCA00FFC166 /* NetworkService+Map.swift in Sources */ = {isa = PBXBuildFile; fileRef = BBCDF038282D4DCA00FFC166 /* NetworkService+Map.swift */; };
		BBCDF03B282D4E2700FFC166 /* URLFactory.swift in Sources */ = {isa = PBXBuildFile; fileRef = BBCDF03A282D4E2700FFC166 /* URLFactory.swift */; };
		BBCDF03E282D53CB00FFC166 /* SBSansUI-Regular.ttf in Resources */ = {isa = PBXBuildFile; fileRef = BBCDF03D282D53C600FFC166 /* SBSansUI-Regular.ttf */; };
		BBCDF040282D53D500FFC166 /* SBSansDisplay-SemiBold.ttf in Resources */ = {isa = PBXBuildFile; fileRef = BBCDF03F282D53D500FFC166 /* SBSansDisplay-SemiBold.ttf */; };
		BBCDF043282D547600FFC166 /* Font.swift in Sources */ = {isa = PBXBuildFile; fileRef = BBCDF042282D547600FFC166 /* Font.swift */; };
		BBCDF048282D559C00FFC166 /* Typealias.swift in Sources */ = {isa = PBXBuildFile; fileRef = BBCDF047282D559C00FFC166 /* Typealias.swift */; };
		BBCDF04A282D57C200FFC166 /* ProgrammaticallyInitializableViewProtocol.swift in Sources */ = {isa = PBXBuildFile; fileRef = BBCDF049282D57C200FFC166 /* ProgrammaticallyInitializableViewProtocol.swift */; };
		BBCDF04C282D57E100FFC166 /* Assembly.swift in Sources */ = {isa = PBXBuildFile; fileRef = BBCDF04B282D57E100FFC166 /* Assembly.swift */; };
		BBCDF04E282D59ED00FFC166 /* Response.swift in Sources */ = {isa = PBXBuildFile; fileRef = BBCDF04D282D59ED00FFC166 /* Response.swift */; };
		BBCDF050282D5A6B00FFC166 /* Feature.swift in Sources */ = {isa = PBXBuildFile; fileRef = BBCDF04F282D5A6B00FFC166 /* Feature.swift */; };
		BBCDF052282D5A9600FFC166 /* Geometry.swift in Sources */ = {isa = PBXBuildFile; fileRef = BBCDF051282D5A9600FFC166 /* Geometry.swift */; };
		BBCDF054282D5AED00FFC166 /* Properties.swift in Sources */ = {isa = PBXBuildFile; fileRef = BBCDF053282D5AED00FFC166 /* Properties.swift */; };
		BBCDF057282D64F100FFC166 /* MapViewModel.swift in Sources */ = {isa = PBXBuildFile; fileRef = BBCDF056282D64F100FFC166 /* MapViewModel.swift */; };
		D9ACE87143C07D8DDCBD484D /* MapOutputProtocol.swift in Sources */ = {isa = PBXBuildFile; fileRef = 6047264D6828EAC0F49A0C0F /* MapOutputProtocol.swift */; };
/* End PBXBuildFile section */

/* Begin PBXContainerItemProxy section */
		BBCDF000282D3C7B00FFC166 /* PBXContainerItemProxy */ = {
			isa = PBXContainerItemProxy;
			containerPortal = BBCDEFE1282D3C7A00FFC166 /* Project object */;
			proxyType = 1;
			remoteGlobalIDString = BBCDEFE8282D3C7A00FFC166;
			remoteInfo = TestTaskWaadsu;
		};
		BBCDF00A282D3C7B00FFC166 /* PBXContainerItemProxy */ = {
			isa = PBXContainerItemProxy;
			containerPortal = BBCDEFE1282D3C7A00FFC166 /* Project object */;
			proxyType = 1;
			remoteGlobalIDString = BBCDEFE8282D3C7A00FFC166;
			remoteInfo = TestTaskWaadsu;
		};
/* End PBXContainerItemProxy section */

/* Begin PBXFileReference section */
		10C4FBFDA68347787C200BFC /* MapDataFlow.swift */ = {isa = PBXFileReference; includeInIndex = 1; lastKnownFileType = sourcecode.swift; path = MapDataFlow.swift; sourceTree = "<group>"; };
		1912530A19BBF869319D4012 /* MapView.swift */ = {isa = PBXFileReference; includeInIndex = 1; lastKnownFileType = sourcecode.swift; path = MapView.swift; sourceTree = "<group>"; };
		1EF19F86E9657973EC32EE71 /* MapViewController.swift */ = {isa = PBXFileReference; includeInIndex = 1; lastKnownFileType = sourcecode.swift; path = MapViewController.swift; sourceTree = "<group>"; };
		443716F0D5DC0F7A8F355C02 /* MapPresenter.swift */ = {isa = PBXFileReference; includeInIndex = 1; lastKnownFileType = sourcecode.swift; path = MapPresenter.swift; sourceTree = "<group>"; };
		5A67F7EB103FEF6459E73F93 /* MapProvider.swift */ = {isa = PBXFileReference; includeInIndex = 1; lastKnownFileType = sourcecode.swift; path = MapProvider.swift; sourceTree = "<group>"; };
		600B10B14E1291C49AE3919F /* MapInteractor.swift */ = {isa = PBXFileReference; includeInIndex = 1; lastKnownFileType = sourcecode.swift; path = MapInteractor.swift; sourceTree = "<group>"; };
		6047264D6828EAC0F49A0C0F /* MapOutputProtocol.swift */ = {isa = PBXFileReference; includeInIndex = 1; lastKnownFileType = sourcecode.swift; path = MapOutputProtocol.swift; sourceTree = "<group>"; };
		BB7C3572357B3E8B2186F928 /* MapAssembly.swift */ = {isa = PBXFileReference; includeInIndex = 1; lastKnownFileType = sourcecode.swift; path = MapAssembly.swift; sourceTree = "<group>"; };
		BBCDEFE9282D3C7A00FFC166 /* TestTaskWaadsu.app */ = {isa = PBXFileReference; explicitFileType = wrapper.application; includeInIndex = 0; path = TestTaskWaadsu.app; sourceTree = BUILT_PRODUCTS_DIR; };
		BBCDEFEC282D3C7A00FFC166 /* AppDelegate.swift */ = {isa = PBXFileReference; lastKnownFileType = sourcecode.swift; path = AppDelegate.swift; sourceTree = "<group>"; };
		BBCDEFEE282D3C7A00FFC166 /* SceneDelegate.swift */ = {isa = PBXFileReference; lastKnownFileType = sourcecode.swift; path = SceneDelegate.swift; sourceTree = "<group>"; };
		BBCDEFF5282D3C7B00FFC166 /* Assets.xcassets */ = {isa = PBXFileReference; lastKnownFileType = folder.assetcatalog; path = Assets.xcassets; sourceTree = "<group>"; };
		BBCDEFF8282D3C7B00FFC166 /* Base */ = {isa = PBXFileReference; lastKnownFileType = file.storyboard; name = Base; path = Base.lproj/LaunchScreen.storyboard; sourceTree = "<group>"; };
		BBCDEFFA282D3C7B00FFC166 /* Info.plist */ = {isa = PBXFileReference; lastKnownFileType = text.plist.xml; path = Info.plist; sourceTree = "<group>"; };
		BBCDEFFF282D3C7B00FFC166 /* TestTaskWaadsuTests.xctest */ = {isa = PBXFileReference; explicitFileType = wrapper.cfbundle; includeInIndex = 0; path = TestTaskWaadsuTests.xctest; sourceTree = BUILT_PRODUCTS_DIR; };
		BBCDF003282D3C7B00FFC166 /* TestTaskWaadsuTests.swift */ = {isa = PBXFileReference; lastKnownFileType = sourcecode.swift; path = TestTaskWaadsuTests.swift; sourceTree = "<group>"; };
		BBCDF009282D3C7B00FFC166 /* TestTaskWaadsuUITests.xctest */ = {isa = PBXFileReference; explicitFileType = wrapper.cfbundle; includeInIndex = 0; path = TestTaskWaadsuUITests.xctest; sourceTree = BUILT_PRODUCTS_DIR; };
		BBCDF00D282D3C7B00FFC166 /* TestTaskWaadsuUITests.swift */ = {isa = PBXFileReference; lastKnownFileType = sourcecode.swift; path = TestTaskWaadsuUITests.swift; sourceTree = "<group>"; };
		BBCDF00F282D3C7B00FFC166 /* TestTaskWaadsuUITestsLaunchTests.swift */ = {isa = PBXFileReference; lastKnownFileType = sourcecode.swift; path = TestTaskWaadsuUITestsLaunchTests.swift; sourceTree = "<group>"; };
		BBCDF024282D413D00FFC166 /* AppCoordinator.swift */ = {isa = PBXFileReference; lastKnownFileType = sourcecode.swift; path = AppCoordinator.swift; sourceTree = "<group>"; };
		BBCDF026282D415000FFC166 /* AppDependency.swift */ = {isa = PBXFileReference; lastKnownFileType = sourcecode.swift; path = AppDependency.swift; sourceTree = "<group>"; };
		BBCDF029282D448E00FFC166 /* Localize.swift */ = {isa = PBXFileReference; lastKnownFileType = sourcecode.swift; path = Localize.swift; sourceTree = "<group>"; };
		BBCDF02C282D4B7700FFC166 /* API.swift */ = {isa = PBXFileReference; lastKnownFileType = sourcecode.swift; path = API.swift; sourceTree = "<group>"; };
		BBCDF034282D4CA200FFC166 /* NetworkService.swift */ = {isa = PBXFileReference; lastKnownFileType = sourcecode.swift; path = NetworkService.swift; sourceTree = "<group>"; };
		BBCDF036282D4D4000FFC166 /* NetworkServiceProtocol.swift */ = {isa = PBXFileReference; lastKnownFileType = sourcecode.swift; path = NetworkServiceProtocol.swift; sourceTree = "<group>"; };
		BBCDF038282D4DCA00FFC166 /* NetworkService+Map.swift */ = {isa = PBXFileReference; lastKnownFileType = sourcecode.swift; path = "NetworkService+Map.swift"; sourceTree = "<group>"; };
		BBCDF03A282D4E2700FFC166 /* URLFactory.swift */ = {isa = PBXFileReference; lastKnownFileType = sourcecode.swift; path = URLFactory.swift; sourceTree = "<group>"; };
		BBCDF03D282D53C600FFC166 /* SBSansUI-Regular.ttf */ = {isa = PBXFileReference; lastKnownFileType = file; path = "SBSansUI-Regular.ttf"; sourceTree = "<group>"; };
		BBCDF03F282D53D500FFC166 /* SBSansDisplay-SemiBold.ttf */ = {isa = PBXFileReference; lastKnownFileType = file; path = "SBSansDisplay-SemiBold.ttf"; sourceTree = "<group>"; };
		BBCDF042282D547600FFC166 /* Font.swift */ = {isa = PBXFileReference; lastKnownFileType = sourcecode.swift; path = Font.swift; sourceTree = "<group>"; };
		BBCDF047282D559C00FFC166 /* Typealias.swift */ = {isa = PBXFileReference; lastKnownFileType = sourcecode.swift; path = Typealias.swift; sourceTree = "<group>"; };
		BBCDF049282D57C200FFC166 /* ProgrammaticallyInitializableViewProtocol.swift */ = {isa = PBXFileReference; lastKnownFileType = sourcecode.swift; path = ProgrammaticallyInitializableViewProtocol.swift; sourceTree = "<group>"; };
		BBCDF04B282D57E100FFC166 /* Assembly.swift */ = {isa = PBXFileReference; lastKnownFileType = sourcecode.swift; path = Assembly.swift; sourceTree = "<group>"; };
		BBCDF04D282D59ED00FFC166 /* Response.swift */ = {isa = PBXFileReference; lastKnownFileType = sourcecode.swift; path = Response.swift; sourceTree = "<group>"; };
		BBCDF04F282D5A6B00FFC166 /* Feature.swift */ = {isa = PBXFileReference; lastKnownFileType = sourcecode.swift; path = Feature.swift; sourceTree = "<group>"; };
		BBCDF051282D5A9600FFC166 /* Geometry.swift */ = {isa = PBXFileReference; lastKnownFileType = sourcecode.swift; path = Geometry.swift; sourceTree = "<group>"; };
		BBCDF053282D5AED00FFC166 /* Properties.swift */ = {isa = PBXFileReference; lastKnownFileType = sourcecode.swift; path = Properties.swift; sourceTree = "<group>"; };
		BBCDF056282D64F100FFC166 /* MapViewModel.swift */ = {isa = PBXFileReference; lastKnownFileType = sourcecode.swift; path = MapViewModel.swift; sourceTree = "<group>"; };
		FD14D2AB9BDB5F47BAD19065 /* MapInputProtocol.swift */ = {isa = PBXFileReference; includeInIndex = 1; lastKnownFileType = sourcecode.swift; path = MapInputProtocol.swift; sourceTree = "<group>"; };
/* End PBXFileReference section */

/* Begin PBXFrameworksBuildPhase section */
		BBCDEFE6282D3C7A00FFC166 /* Frameworks */ = {
			isa = PBXFrameworksBuildPhase;
			buildActionMask = 2147483647;
			files = (
				BBCDF030282D4C6700FFC166 /* PromiseKit in Frameworks */,
				BBCDF033282D4C7C00FFC166 /* SnapKit in Frameworks */,
			);
			runOnlyForDeploymentPostprocessing = 0;
		};
		BBCDEFFC282D3C7B00FFC166 /* Frameworks */ = {
			isa = PBXFrameworksBuildPhase;
			buildActionMask = 2147483647;
			files = (
			);
			runOnlyForDeploymentPostprocessing = 0;
		};
		BBCDF006282D3C7B00FFC166 /* Frameworks */ = {
			isa = PBXFrameworksBuildPhase;
			buildActionMask = 2147483647;
			files = (
			);
			runOnlyForDeploymentPostprocessing = 0;
		};
/* End PBXFrameworksBuildPhase section */

/* Begin PBXGroup section */
		2EB84F7B5CA2DADC06C43168 /* Map */ = {
			isa = PBXGroup;
			children = (
				BBCDF055282D64BE00FFC166 /* ViewModel */,
				BB7C3572357B3E8B2186F928 /* MapAssembly.swift */,
				1EF19F86E9657973EC32EE71 /* MapViewController.swift */,
				600B10B14E1291C49AE3919F /* MapInteractor.swift */,
				443716F0D5DC0F7A8F355C02 /* MapPresenter.swift */,
				10C4FBFDA68347787C200BFC /* MapDataFlow.swift */,
				5A67F7EB103FEF6459E73F93 /* MapProvider.swift */,
				1912530A19BBF869319D4012 /* MapView.swift */,
				84A64F7FD454EC3BC0465032 /* InputOutput */,
			);
			path = Map;
			sourceTree = "<group>";
		};
		84A64F7FD454EC3BC0465032 /* InputOutput */ = {
			isa = PBXGroup;
			children = (
				FD14D2AB9BDB5F47BAD19065 /* MapInputProtocol.swift */,
				6047264D6828EAC0F49A0C0F /* MapOutputProtocol.swift */,
			);
			path = InputOutput;
			sourceTree = "<group>";
		};
		BBCDEFE0282D3C7A00FFC166 = {
			isa = PBXGroup;
			children = (
				BBCDEFEB282D3C7A00FFC166 /* TestTaskWaadsu */,
				BBCDF002282D3C7B00FFC166 /* TestTaskWaadsuTests */,
				BBCDF00C282D3C7B00FFC166 /* TestTaskWaadsuUITests */,
				BBCDEFEA282D3C7A00FFC166 /* Products */,
			);
			sourceTree = "<group>";
		};
		BBCDEFEA282D3C7A00FFC166 /* Products */ = {
			isa = PBXGroup;
			children = (
				BBCDEFE9282D3C7A00FFC166 /* TestTaskWaadsu.app */,
				BBCDEFFF282D3C7B00FFC166 /* TestTaskWaadsuTests.xctest */,
				BBCDF009282D3C7B00FFC166 /* TestTaskWaadsuUITests.xctest */,
			);
			name = Products;
			sourceTree = "<group>";
		};
		BBCDEFEB282D3C7A00FFC166 /* TestTaskWaadsu */ = {
			isa = PBXGroup;
			children = (
				BBCDF01C282D405500FFC166 /* Source */,
				BBCDEFF5282D3C7B00FFC166 /* Assets.xcassets */,
				BBCDEFF7282D3C7B00FFC166 /* LaunchScreen.storyboard */,
				BBCDEFFA282D3C7B00FFC166 /* Info.plist */,
			);
			path = TestTaskWaadsu;
			sourceTree = "<group>";
		};
		BBCDF002282D3C7B00FFC166 /* TestTaskWaadsuTests */ = {
			isa = PBXGroup;
			children = (
				BBCDF003282D3C7B00FFC166 /* TestTaskWaadsuTests.swift */,
			);
			path = TestTaskWaadsuTests;
			sourceTree = "<group>";
		};
		BBCDF00C282D3C7B00FFC166 /* TestTaskWaadsuUITests */ = {
			isa = PBXGroup;
			children = (
				BBCDF00D282D3C7B00FFC166 /* TestTaskWaadsuUITests.swift */,
				BBCDF00F282D3C7B00FFC166 /* TestTaskWaadsuUITestsLaunchTests.swift */,
			);
			path = TestTaskWaadsuUITests;
			sourceTree = "<group>";
		};
		BBCDF01C282D405500FFC166 /* Source */ = {
			isa = PBXGroup;
			children = (
				BBCDF01D282D405F00FFC166 /* Application */,
				BBCDF01E282D407000FFC166 /* Coordinator */,
				BBCDF01F282D409800FFC166 /* Common */,
				BBCDF020282D40A300FFC166 /* Models */,
				BBCDF021282D40AE00FFC166 /* Modules */,
				BBCDF022282D40CB00FFC166 /* Services */,
				BBCDF023282D40E800FFC166 /* Helpers */,
			);
			path = Source;
			sourceTree = "<group>";
		};
		BBCDF01D282D405F00FFC166 /* Application */ = {
			isa = PBXGroup;
			children = (
				BBCDEFEC282D3C7A00FFC166 /* AppDelegate.swift */,
				BBCDEFEE282D3C7A00FFC166 /* SceneDelegate.swift */,
			);
			path = Application;
			sourceTree = "<group>";
		};
		BBCDF01E282D407000FFC166 /* Coordinator */ = {
			isa = PBXGroup;
			children = (
				BBCDF024282D413D00FFC166 /* AppCoordinator.swift */,
				BBCDF026282D415000FFC166 /* AppDependency.swift */,
			);
			path = Coordinator;
			sourceTree = "<group>";
		};
		BBCDF01F282D409800FFC166 /* Common */ = {
			isa = PBXGroup;
			children = (
				BBCDF046282D558C00FFC166 /* Typealise */,
				BBCDF044282D557200FFC166 /* VIP */,
			);
			path = Common;
			sourceTree = "<group>";
		};
		BBCDF020282D40A300FFC166 /* Models */ = {
			isa = PBXGroup;
			children = (
				BBCDF04D282D59ED00FFC166 /* Response.swift */,
				BBCDF04F282D5A6B00FFC166 /* Feature.swift */,
				BBCDF053282D5AED00FFC166 /* Properties.swift */,
				BBCDF051282D5A9600FFC166 /* Geometry.swift */,
			);
			path = Models;
			sourceTree = "<group>";
		};
		BBCDF021282D40AE00FFC166 /* Modules */ = {
			isa = PBXGroup;
			children = (
				2EB84F7B5CA2DADC06C43168 /* Map */,
			);
			path = Modules;
			sourceTree = "<group>";
		};
		BBCDF022282D40CB00FFC166 /* Services */ = {
			isa = PBXGroup;
			children = (
				BBCDF02B282D4B5700FFC166 /* Network */,
			);
			path = Services;
			sourceTree = "<group>";
		};
		BBCDF023282D40E800FFC166 /* Helpers */ = {
			isa = PBXGroup;
			children = (
				BBCDF028282D448400FFC166 /* Constants */,
				BBCDF03C282D539C00FFC166 /* Font */,
				BBCDF041282D545600FFC166 /* UIKit */,
			);
			path = Helpers;
			sourceTree = "<group>";
		};
		BBCDF028282D448400FFC166 /* Constants */ = {
			isa = PBXGroup;
			children = (
				BBCDF029282D448E00FFC166 /* Localize.swift */,
			);
			path = Constants;
			sourceTree = "<group>";
		};
		BBCDF02B282D4B5700FFC166 /* Network */ = {
			isa = PBXGroup;
			children = (
				BBCDF02C282D4B7700FFC166 /* API.swift */,
				BBCDF034282D4CA200FFC166 /* NetworkService.swift */,
				BBCDF038282D4DCA00FFC166 /* NetworkService+Map.swift */,
				BBCDF036282D4D4000FFC166 /* NetworkServiceProtocol.swift */,
				BBCDF03A282D4E2700FFC166 /* URLFactory.swift */,
			);
			path = Network;
			sourceTree = "<group>";
		};
		BBCDF03C282D539C00FFC166 /* Font */ = {
			isa = PBXGroup;
			children = (
				BBCDF03D282D53C600FFC166 /* SBSansUI-Regular.ttf */,
				BBCDF03F282D53D500FFC166 /* SBSansDisplay-SemiBold.ttf */,
			);
			path = Font;
			sourceTree = "<group>";
		};
		BBCDF041282D545600FFC166 /* UIKit */ = {
			isa = PBXGroup;
			children = (
				BBCDF042282D547600FFC166 /* Font.swift */,
			);
			path = UIKit;
			sourceTree = "<group>";
		};
		BBCDF044282D557200FFC166 /* VIP */ = {
			isa = PBXGroup;
			children = (
				BBCDF045282D558300FFC166 /* Protocols */,
			);
			path = VIP;
			sourceTree = "<group>";
		};
		BBCDF045282D558300FFC166 /* Protocols */ = {
			isa = PBXGroup;
			children = (
				BBCDF04B282D57E100FFC166 /* Assembly.swift */,
				BBCDF049282D57C200FFC166 /* ProgrammaticallyInitializableViewProtocol.swift */,
			);
			path = Protocols;
			sourceTree = "<group>";
		};
		BBCDF046282D558C00FFC166 /* Typealise */ = {
			isa = PBXGroup;
			children = (
				BBCDF047282D559C00FFC166 /* Typealias.swift */,
			);
			path = Typealise;
			sourceTree = "<group>";
		};
		BBCDF055282D64BE00FFC166 /* ViewModel */ = {
			isa = PBXGroup;
			children = (
				BBCDF056282D64F100FFC166 /* MapViewModel.swift */,
			);
			path = ViewModel;
			sourceTree = "<group>";
		};
/* End PBXGroup section */

/* Begin PBXNativeTarget section */
		BBCDEFE8282D3C7A00FFC166 /* TestTaskWaadsu */ = {
			isa = PBXNativeTarget;
			buildConfigurationList = BBCDF013282D3C7B00FFC166 /* Build configuration list for PBXNativeTarget "TestTaskWaadsu" */;
			buildPhases = (
				BBCDEFE5282D3C7A00FFC166 /* Sources */,
				BBCDEFE6282D3C7A00FFC166 /* Frameworks */,
				BBCDEFE7282D3C7A00FFC166 /* Resources */,
			);
			buildRules = (
			);
			dependencies = (
			);
			name = TestTaskWaadsu;
			packageProductDependencies = (
				BBCDF02F282D4C6700FFC166 /* PromiseKit */,
				BBCDF032282D4C7C00FFC166 /* SnapKit */,
			);
			productName = TestTaskWaadsu;
			productReference = BBCDEFE9282D3C7A00FFC166 /* TestTaskWaadsu.app */;
			productType = "com.apple.product-type.application";
		};
		BBCDEFFE282D3C7B00FFC166 /* TestTaskWaadsuTests */ = {
			isa = PBXNativeTarget;
			buildConfigurationList = BBCDF016282D3C7B00FFC166 /* Build configuration list for PBXNativeTarget "TestTaskWaadsuTests" */;
			buildPhases = (
				BBCDEFFB282D3C7B00FFC166 /* Sources */,
				BBCDEFFC282D3C7B00FFC166 /* Frameworks */,
				BBCDEFFD282D3C7B00FFC166 /* Resources */,
			);
			buildRules = (
			);
			dependencies = (
				BBCDF001282D3C7B00FFC166 /* PBXTargetDependency */,
			);
			name = TestTaskWaadsuTests;
			productName = TestTaskWaadsuTests;
			productReference = BBCDEFFF282D3C7B00FFC166 /* TestTaskWaadsuTests.xctest */;
			productType = "com.apple.product-type.bundle.unit-test";
		};
		BBCDF008282D3C7B00FFC166 /* TestTaskWaadsuUITests */ = {
			isa = PBXNativeTarget;
			buildConfigurationList = BBCDF019282D3C7B00FFC166 /* Build configuration list for PBXNativeTarget "TestTaskWaadsuUITests" */;
			buildPhases = (
				BBCDF005282D3C7B00FFC166 /* Sources */,
				BBCDF006282D3C7B00FFC166 /* Frameworks */,
				BBCDF007282D3C7B00FFC166 /* Resources */,
			);
			buildRules = (
			);
			dependencies = (
				BBCDF00B282D3C7B00FFC166 /* PBXTargetDependency */,
			);
			name = TestTaskWaadsuUITests;
			productName = TestTaskWaadsuUITests;
			productReference = BBCDF009282D3C7B00FFC166 /* TestTaskWaadsuUITests.xctest */;
			productType = "com.apple.product-type.bundle.ui-testing";
		};
/* End PBXNativeTarget section */

/* Begin PBXProject section */
		BBCDEFE1282D3C7A00FFC166 /* Project object */ = {
			isa = PBXProject;
			attributes = {
				BuildIndependentTargetsInParallel = 1;
				LastSwiftUpdateCheck = 1330;
				LastUpgradeCheck = 1330;
				TargetAttributes = {
					BBCDEFE8282D3C7A00FFC166 = {
						CreatedOnToolsVersion = 13.3;
					};
					BBCDEFFE282D3C7B00FFC166 = {
						CreatedOnToolsVersion = 13.3;
						TestTargetID = BBCDEFE8282D3C7A00FFC166;
					};
					BBCDF008282D3C7B00FFC166 = {
						CreatedOnToolsVersion = 13.3;
						TestTargetID = BBCDEFE8282D3C7A00FFC166;
					};
				};
			};
			buildConfigurationList = BBCDEFE4282D3C7A00FFC166 /* Build configuration list for PBXProject "TestTaskWaadsu" */;
			compatibilityVersion = "Xcode 13.0";
			developmentRegion = en;
			hasScannedForEncodings = 0;
			knownRegions = (
				en,
				Base,
			);
			mainGroup = BBCDEFE0282D3C7A00FFC166;
			packageReferences = (
				BBCDF02E282D4C6700FFC166 /* XCRemoteSwiftPackageReference "PromiseKit" */,
				BBCDF031282D4C7C00FFC166 /* XCRemoteSwiftPackageReference "SnapKit" */,
			);
			productRefGroup = BBCDEFEA282D3C7A00FFC166 /* Products */;
			projectDirPath = "";
			projectRoot = "";
			targets = (
				BBCDEFE8282D3C7A00FFC166 /* TestTaskWaadsu */,
				BBCDEFFE282D3C7B00FFC166 /* TestTaskWaadsuTests */,
				BBCDF008282D3C7B00FFC166 /* TestTaskWaadsuUITests */,
			);
		};
/* End PBXProject section */

/* Begin PBXResourcesBuildPhase section */
		BBCDEFE7282D3C7A00FFC166 /* Resources */ = {
			isa = PBXResourcesBuildPhase;
			buildActionMask = 2147483647;
			files = (
				BBCDF03E282D53CB00FFC166 /* SBSansUI-Regular.ttf in Resources */,
				BBCDEFF9282D3C7B00FFC166 /* LaunchScreen.storyboard in Resources */,
				BBCDF040282D53D500FFC166 /* SBSansDisplay-SemiBold.ttf in Resources */,
				BBCDEFF6282D3C7B00FFC166 /* Assets.xcassets in Resources */,
			);
			runOnlyForDeploymentPostprocessing = 0;
		};
		BBCDEFFD282D3C7B00FFC166 /* Resources */ = {
			isa = PBXResourcesBuildPhase;
			buildActionMask = 2147483647;
			files = (
			);
			runOnlyForDeploymentPostprocessing = 0;
		};
		BBCDF007282D3C7B00FFC166 /* Resources */ = {
			isa = PBXResourcesBuildPhase;
			buildActionMask = 2147483647;
			files = (
			);
			runOnlyForDeploymentPostprocessing = 0;
		};
/* End PBXResourcesBuildPhase section */

/* Begin PBXSourcesBuildPhase section */
		BBCDEFE5282D3C7A00FFC166 /* Sources */ = {
			isa = PBXSourcesBuildPhase;
			buildActionMask = 2147483647;
			files = (
				BBCDF04A282D57C200FFC166 /* ProgrammaticallyInitializableViewProtocol.swift in Sources */,
				BBCDF04C282D57E100FFC166 /* Assembly.swift in Sources */,
				BBCDF02A282D448E00FFC166 /* Localize.swift in Sources */,
				BBCDF043282D547600FFC166 /* Font.swift in Sources */,
				BBCDF054282D5AED00FFC166 /* Properties.swift in Sources */,
				BBCDF025282D413D00FFC166 /* AppCoordinator.swift in Sources */,
				BBCDF035282D4CA200FFC166 /* NetworkService.swift in Sources */,
				BBCDF04E282D59ED00FFC166 /* Response.swift in Sources */,
				BBCDF052282D5A9600FFC166 /* Geometry.swift in Sources */,
				BBCDF027282D415000FFC166 /* AppDependency.swift in Sources */,
				BBCDF037282D4D4000FFC166 /* NetworkServiceProtocol.swift in Sources */,
				BBCDEFED282D3C7A00FFC166 /* AppDelegate.swift in Sources */,
				BBCDF039282D4DCA00FFC166 /* NetworkService+Map.swift in Sources */,
				BBCDEFEF282D3C7A00FFC166 /* SceneDelegate.swift in Sources */,
				BBCDF050282D5A6B00FFC166 /* Feature.swift in Sources */,
				BBCDF03B282D4E2700FFC166 /* URLFactory.swift in Sources */,
				BBCDF057282D64F100FFC166 /* MapViewModel.swift in Sources */,
				BBCDF048282D559C00FFC166 /* Typealias.swift in Sources */,
				BBCDF02D282D4B7700FFC166 /* API.swift in Sources */,
				89135120BC838FA8F077EFD1 /* MapAssembly.swift in Sources */,
				86A7A7831056D18A946B0C4E /* MapViewController.swift in Sources */,
				5C69EF13B425640DC3567C64 /* MapInteractor.swift in Sources */,
				9833715EBBB037DBA7E06264 /* MapPresenter.swift in Sources */,
				51438C6AC982B04FC0176B1D /* MapDataFlow.swift in Sources */,
				099C88A27B48E7D89375FA79 /* MapProvider.swift in Sources */,
				897C84F115C1E05BCB4B7550 /* MapView.swift in Sources */,
				9D3E0BFB3265645CA3627B14 /* MapInputProtocol.swift in Sources */,
				D9ACE87143C07D8DDCBD484D /* MapOutputProtocol.swift in Sources */,
			);
			runOnlyForDeploymentPostprocessing = 0;
		};
		BBCDEFFB282D3C7B00FFC166 /* Sources */ = {
			isa = PBXSourcesBuildPhase;
			buildActionMask = 2147483647;
			files = (
				BBCDF004282D3C7B00FFC166 /* TestTaskWaadsuTests.swift in Sources */,
			);
			runOnlyForDeploymentPostprocessing = 0;
		};
		BBCDF005282D3C7B00FFC166 /* Sources */ = {
			isa = PBXSourcesBuildPhase;
			buildActionMask = 2147483647;
			files = (
				BBCDF010282D3C7B00FFC166 /* TestTaskWaadsuUITestsLaunchTests.swift in Sources */,
				BBCDF00E282D3C7B00FFC166 /* TestTaskWaadsuUITests.swift in Sources */,
			);
			runOnlyForDeploymentPostprocessing = 0;
		};
/* End PBXSourcesBuildPhase section */

/* Begin PBXTargetDependency section */
		BBCDF001282D3C7B00FFC166 /* PBXTargetDependency */ = {
			isa = PBXTargetDependency;
			target = BBCDEFE8282D3C7A00FFC166 /* TestTaskWaadsu */;
			targetProxy = BBCDF000282D3C7B00FFC166 /* PBXContainerItemProxy */;
		};
		BBCDF00B282D3C7B00FFC166 /* PBXTargetDependency */ = {
			isa = PBXTargetDependency;
			target = BBCDEFE8282D3C7A00FFC166 /* TestTaskWaadsu */;
			targetProxy = BBCDF00A282D3C7B00FFC166 /* PBXContainerItemProxy */;
		};
/* End PBXTargetDependency section */

/* Begin PBXVariantGroup section */
		BBCDEFF7282D3C7B00FFC166 /* LaunchScreen.storyboard */ = {
			isa = PBXVariantGroup;
			children = (
				BBCDEFF8282D3C7B00FFC166 /* Base */,
			);
			name = LaunchScreen.storyboard;
			sourceTree = "<group>";
		};
/* End PBXVariantGroup section */

/* Begin XCBuildConfiguration section */
		BBCDF011282D3C7B00FFC166 /* Debug */ = {
			isa = XCBuildConfiguration;
			buildSettings = {
				ALWAYS_SEARCH_USER_PATHS = NO;
				CLANG_ANALYZER_NONNULL = YES;
				CLANG_ANALYZER_NUMBER_OBJECT_CONVERSION = YES_AGGRESSIVE;
				CLANG_CXX_LANGUAGE_STANDARD = "gnu++17";
				CLANG_ENABLE_MODULES = YES;
				CLANG_ENABLE_OBJC_ARC = YES;
				CLANG_ENABLE_OBJC_WEAK = YES;
				CLANG_WARN_BLOCK_CAPTURE_AUTORELEASING = YES;
				CLANG_WARN_BOOL_CONVERSION = YES;
				CLANG_WARN_COMMA = YES;
				CLANG_WARN_CONSTANT_CONVERSION = YES;
				CLANG_WARN_DEPRECATED_OBJC_IMPLEMENTATIONS = YES;
				CLANG_WARN_DIRECT_OBJC_ISA_USAGE = YES_ERROR;
				CLANG_WARN_DOCUMENTATION_COMMENTS = YES;
				CLANG_WARN_EMPTY_BODY = YES;
				CLANG_WARN_ENUM_CONVERSION = YES;
				CLANG_WARN_INFINITE_RECURSION = YES;
				CLANG_WARN_INT_CONVERSION = YES;
				CLANG_WARN_NON_LITERAL_NULL_CONVERSION = YES;
				CLANG_WARN_OBJC_IMPLICIT_RETAIN_SELF = YES;
				CLANG_WARN_OBJC_LITERAL_CONVERSION = YES;
				CLANG_WARN_OBJC_ROOT_CLASS = YES_ERROR;
				CLANG_WARN_QUOTED_INCLUDE_IN_FRAMEWORK_HEADER = YES;
				CLANG_WARN_RANGE_LOOP_ANALYSIS = YES;
				CLANG_WARN_STRICT_PROTOTYPES = YES;
				CLANG_WARN_SUSPICIOUS_MOVE = YES;
				CLANG_WARN_UNGUARDED_AVAILABILITY = YES_AGGRESSIVE;
				CLANG_WARN_UNREACHABLE_CODE = YES;
				CLANG_WARN__DUPLICATE_METHOD_MATCH = YES;
				COPY_PHASE_STRIP = NO;
				DEBUG_INFORMATION_FORMAT = dwarf;
				ENABLE_STRICT_OBJC_MSGSEND = YES;
				ENABLE_TESTABILITY = YES;
				GCC_C_LANGUAGE_STANDARD = gnu11;
				GCC_DYNAMIC_NO_PIC = NO;
				GCC_NO_COMMON_BLOCKS = YES;
				GCC_OPTIMIZATION_LEVEL = 0;
				GCC_PREPROCESSOR_DEFINITIONS = (
					"DEBUG=1",
					"$(inherited)",
				);
				GCC_WARN_64_TO_32_BIT_CONVERSION = YES;
				GCC_WARN_ABOUT_RETURN_TYPE = YES_ERROR;
				GCC_WARN_UNDECLARED_SELECTOR = YES;
				GCC_WARN_UNINITIALIZED_AUTOS = YES_AGGRESSIVE;
				GCC_WARN_UNUSED_FUNCTION = YES;
				GCC_WARN_UNUSED_VARIABLE = YES;
				IPHONEOS_DEPLOYMENT_TARGET = 15.4;
				MTL_ENABLE_DEBUG_INFO = INCLUDE_SOURCE;
				MTL_FAST_MATH = YES;
				ONLY_ACTIVE_ARCH = YES;
				SDKROOT = iphoneos;
				SWIFT_ACTIVE_COMPILATION_CONDITIONS = DEBUG;
				SWIFT_OPTIMIZATION_LEVEL = "-Onone";
			};
			name = Debug;
		};
		BBCDF012282D3C7B00FFC166 /* Release */ = {
			isa = XCBuildConfiguration;
			buildSettings = {
				ALWAYS_SEARCH_USER_PATHS = NO;
				CLANG_ANALYZER_NONNULL = YES;
				CLANG_ANALYZER_NUMBER_OBJECT_CONVERSION = YES_AGGRESSIVE;
				CLANG_CXX_LANGUAGE_STANDARD = "gnu++17";
				CLANG_ENABLE_MODULES = YES;
				CLANG_ENABLE_OBJC_ARC = YES;
				CLANG_ENABLE_OBJC_WEAK = YES;
				CLANG_WARN_BLOCK_CAPTURE_AUTORELEASING = YES;
				CLANG_WARN_BOOL_CONVERSION = YES;
				CLANG_WARN_COMMA = YES;
				CLANG_WARN_CONSTANT_CONVERSION = YES;
				CLANG_WARN_DEPRECATED_OBJC_IMPLEMENTATIONS = YES;
				CLANG_WARN_DIRECT_OBJC_ISA_USAGE = YES_ERROR;
				CLANG_WARN_DOCUMENTATION_COMMENTS = YES;
				CLANG_WARN_EMPTY_BODY = YES;
				CLANG_WARN_ENUM_CONVERSION = YES;
				CLANG_WARN_INFINITE_RECURSION = YES;
				CLANG_WARN_INT_CONVERSION = YES;
				CLANG_WARN_NON_LITERAL_NULL_CONVERSION = YES;
				CLANG_WARN_OBJC_IMPLICIT_RETAIN_SELF = YES;
				CLANG_WARN_OBJC_LITERAL_CONVERSION = YES;
				CLANG_WARN_OBJC_ROOT_CLASS = YES_ERROR;
				CLANG_WARN_QUOTED_INCLUDE_IN_FRAMEWORK_HEADER = YES;
				CLANG_WARN_RANGE_LOOP_ANALYSIS = YES;
				CLANG_WARN_STRICT_PROTOTYPES = YES;
				CLANG_WARN_SUSPICIOUS_MOVE = YES;
				CLANG_WARN_UNGUARDED_AVAILABILITY = YES_AGGRESSIVE;
				CLANG_WARN_UNREACHABLE_CODE = YES;
				CLANG_WARN__DUPLICATE_METHOD_MATCH = YES;
				COPY_PHASE_STRIP = NO;
				DEBUG_INFORMATION_FORMAT = "dwarf-with-dsym";
				ENABLE_NS_ASSERTIONS = NO;
				ENABLE_STRICT_OBJC_MSGSEND = YES;
				GCC_C_LANGUAGE_STANDARD = gnu11;
				GCC_NO_COMMON_BLOCKS = YES;
				GCC_WARN_64_TO_32_BIT_CONVERSION = YES;
				GCC_WARN_ABOUT_RETURN_TYPE = YES_ERROR;
				GCC_WARN_UNDECLARED_SELECTOR = YES;
				GCC_WARN_UNINITIALIZED_AUTOS = YES_AGGRESSIVE;
				GCC_WARN_UNUSED_FUNCTION = YES;
				GCC_WARN_UNUSED_VARIABLE = YES;
				IPHONEOS_DEPLOYMENT_TARGET = 15.4;
				MTL_ENABLE_DEBUG_INFO = NO;
				MTL_FAST_MATH = YES;
				SDKROOT = iphoneos;
				SWIFT_COMPILATION_MODE = wholemodule;
				SWIFT_OPTIMIZATION_LEVEL = "-O";
				VALIDATE_PRODUCT = YES;
			};
			name = Release;
		};
		BBCDF014282D3C7B00FFC166 /* Debug */ = {
			isa = XCBuildConfiguration;
			buildSettings = {
				ASSETCATALOG_COMPILER_APPICON_NAME = AppIcon;
				ASSETCATALOG_COMPILER_GLOBAL_ACCENT_COLOR_NAME = AccentColor;
				CODE_SIGN_STYLE = Automatic;
				CURRENT_PROJECT_VERSION = 1;
				DEVELOPMENT_TEAM = PY9YPV5R98;
				GENERATE_INFOPLIST_FILE = YES;
				INFOPLIST_FILE = TestTaskWaadsu/Info.plist;
				INFOPLIST_KEY_UIApplicationSupportsIndirectInputEvents = YES;
				INFOPLIST_KEY_UILaunchStoryboardName = LaunchScreen;
				INFOPLIST_KEY_UISupportedInterfaceOrientations = UIInterfaceOrientationPortrait;
				INFOPLIST_KEY_UISupportedInterfaceOrientations_iPad = "UIInterfaceOrientationPortrait UIInterfaceOrientationPortraitUpsideDown UIInterfaceOrientationLandscapeLeft UIInterfaceOrientationLandscapeRight";
				INFOPLIST_KEY_UISupportedInterfaceOrientations_iPhone = "UIInterfaceOrientationPortrait UIInterfaceOrientationLandscapeLeft UIInterfaceOrientationLandscapeRight";
				IPHONEOS_DEPLOYMENT_TARGET = 13.0;
				LD_RUNPATH_SEARCH_PATHS = (
					"$(inherited)",
					"@executable_path/Frameworks",
				);
				MARKETING_VERSION = 1.0;
				PRODUCT_BUNDLE_IDENTIFIER = RGK.TestTaskWaadsu;
				PRODUCT_NAME = "$(TARGET_NAME)";
				SWIFT_EMIT_LOC_STRINGS = YES;
				SWIFT_VERSION = 5.0;
				TARGETED_DEVICE_FAMILY = 1;
			};
			name = Debug;
		};
		BBCDF015282D3C7B00FFC166 /* Release */ = {
			isa = XCBuildConfiguration;
			buildSettings = {
				ASSETCATALOG_COMPILER_APPICON_NAME = AppIcon;
				ASSETCATALOG_COMPILER_GLOBAL_ACCENT_COLOR_NAME = AccentColor;
				CODE_SIGN_STYLE = Automatic;
				CURRENT_PROJECT_VERSION = 1;
				DEVELOPMENT_TEAM = PY9YPV5R98;
				GENERATE_INFOPLIST_FILE = YES;
				INFOPLIST_FILE = TestTaskWaadsu/Info.plist;
				INFOPLIST_KEY_UIApplicationSupportsIndirectInputEvents = YES;
				INFOPLIST_KEY_UILaunchStoryboardName = LaunchScreen;
				INFOPLIST_KEY_UISupportedInterfaceOrientations = UIInterfaceOrientationPortrait;
				INFOPLIST_KEY_UISupportedInterfaceOrientations_iPad = "UIInterfaceOrientationPortrait UIInterfaceOrientationPortraitUpsideDown UIInterfaceOrientationLandscapeLeft UIInterfaceOrientationLandscapeRight";
				INFOPLIST_KEY_UISupportedInterfaceOrientations_iPhone = "UIInterfaceOrientationPortrait UIInterfaceOrientationLandscapeLeft UIInterfaceOrientationLandscapeRight";
				IPHONEOS_DEPLOYMENT_TARGET = 13.0;
				LD_RUNPATH_SEARCH_PATHS = (
					"$(inherited)",
					"@executable_path/Frameworks",
				);
				MARKETING_VERSION = 1.0;
				PRODUCT_BUNDLE_IDENTIFIER = RGK.TestTaskWaadsu;
				PRODUCT_NAME = "$(TARGET_NAME)";
				SWIFT_EMIT_LOC_STRINGS = YES;
				SWIFT_VERSION = 5.0;
				TARGETED_DEVICE_FAMILY = 1;
			};
			name = Release;
		};
		BBCDF017282D3C7B00FFC166 /* Debug */ = {
			isa = XCBuildConfiguration;
			buildSettings = {
				ALWAYS_EMBED_SWIFT_STANDARD_LIBRARIES = YES;
				BUNDLE_LOADER = "$(TEST_HOST)";
				CODE_SIGN_STYLE = Automatic;
				CURRENT_PROJECT_VERSION = 1;
				DEVELOPMENT_TEAM = PY9YPV5R98;
				GENERATE_INFOPLIST_FILE = YES;
				IPHONEOS_DEPLOYMENT_TARGET = 15.4;
				MARKETING_VERSION = 1.0;
				PRODUCT_BUNDLE_IDENTIFIER = RGK.TestTaskWaadsuTests;
				PRODUCT_NAME = "$(TARGET_NAME)";
				SWIFT_EMIT_LOC_STRINGS = NO;
				SWIFT_VERSION = 5.0;
				TARGETED_DEVICE_FAMILY = "1,2";
				TEST_HOST = "$(BUILT_PRODUCTS_DIR)/TestTaskWaadsu.app/TestTaskWaadsu";
			};
			name = Debug;
		};
		BBCDF018282D3C7B00FFC166 /* Release */ = {
			isa = XCBuildConfiguration;
			buildSettings = {
				ALWAYS_EMBED_SWIFT_STANDARD_LIBRARIES = YES;
				BUNDLE_LOADER = "$(TEST_HOST)";
				CODE_SIGN_STYLE = Automatic;
				CURRENT_PROJECT_VERSION = 1;
				DEVELOPMENT_TEAM = PY9YPV5R98;
				GENERATE_INFOPLIST_FILE = YES;
				IPHONEOS_DEPLOYMENT_TARGET = 15.4;
				MARKETING_VERSION = 1.0;
				PRODUCT_BUNDLE_IDENTIFIER = RGK.TestTaskWaadsuTests;
				PRODUCT_NAME = "$(TARGET_NAME)";
				SWIFT_EMIT_LOC_STRINGS = NO;
				SWIFT_VERSION = 5.0;
				TARGETED_DEVICE_FAMILY = "1,2";
				TEST_HOST = "$(BUILT_PRODUCTS_DIR)/TestTaskWaadsu.app/TestTaskWaadsu";
			};
			name = Release;
		};
		BBCDF01A282D3C7B00FFC166 /* Debug */ = {
			isa = XCBuildConfiguration;
			buildSettings = {
				ALWAYS_EMBED_SWIFT_STANDARD_LIBRARIES = YES;
				CODE_SIGN_STYLE = Automatic;
				CURRENT_PROJECT_VERSION = 1;
				DEVELOPMENT_TEAM = PY9YPV5R98;
				GENERATE_INFOPLIST_FILE = YES;
				MARKETING_VERSION = 1.0;
				PRODUCT_BUNDLE_IDENTIFIER = RGK.TestTaskWaadsuUITests;
				PRODUCT_NAME = "$(TARGET_NAME)";
				SWIFT_EMIT_LOC_STRINGS = NO;
				SWIFT_VERSION = 5.0;
				TARGETED_DEVICE_FAMILY = "1,2";
				TEST_TARGET_NAME = TestTaskWaadsu;
			};
			name = Debug;
		};
		BBCDF01B282D3C7B00FFC166 /* Release */ = {
			isa = XCBuildConfiguration;
			buildSettings = {
				ALWAYS_EMBED_SWIFT_STANDARD_LIBRARIES = YES;
				CODE_SIGN_STYLE = Automatic;
				CURRENT_PROJECT_VERSION = 1;
				DEVELOPMENT_TEAM = PY9YPV5R98;
				GENERATE_INFOPLIST_FILE = YES;
				MARKETING_VERSION = 1.0;
				PRODUCT_BUNDLE_IDENTIFIER = RGK.TestTaskWaadsuUITests;
				PRODUCT_NAME = "$(TARGET_NAME)";
				SWIFT_EMIT_LOC_STRINGS = NO;
				SWIFT_VERSION = 5.0;
				TARGETED_DEVICE_FAMILY = "1,2";
				TEST_TARGET_NAME = TestTaskWaadsu;
			};
			name = Release;
		};
/* End XCBuildConfiguration section */

/* Begin XCConfigurationList section */
		BBCDEFE4282D3C7A00FFC166 /* Build configuration list for PBXProject "TestTaskWaadsu" */ = {
			isa = XCConfigurationList;
			buildConfigurations = (
				BBCDF011282D3C7B00FFC166 /* Debug */,
				BBCDF012282D3C7B00FFC166 /* Release */,
			);
			defaultConfigurationIsVisible = 0;
			defaultConfigurationName = Release;
		};
		BBCDF013282D3C7B00FFC166 /* Build configuration list for PBXNativeTarget "TestTaskWaadsu" */ = {
			isa = XCConfigurationList;
			buildConfigurations = (
				BBCDF014282D3C7B00FFC166 /* Debug */,
				BBCDF015282D3C7B00FFC166 /* Release */,
			);
			defaultConfigurationIsVisible = 0;
			defaultConfigurationName = Release;
		};
		BBCDF016282D3C7B00FFC166 /* Build configuration list for PBXNativeTarget "TestTaskWaadsuTests" */ = {
			isa = XCConfigurationList;
			buildConfigurations = (
				BBCDF017282D3C7B00FFC166 /* Debug */,
				BBCDF018282D3C7B00FFC166 /* Release */,
			);
			defaultConfigurationIsVisible = 0;
			defaultConfigurationName = Release;
		};
		BBCDF019282D3C7B00FFC166 /* Build configuration list for PBXNativeTarget "TestTaskWaadsuUITests" */ = {
			isa = XCConfigurationList;
			buildConfigurations = (
				BBCDF01A282D3C7B00FFC166 /* Debug */,
				BBCDF01B282D3C7B00FFC166 /* Release */,
			);
			defaultConfigurationIsVisible = 0;
			defaultConfigurationName = Release;
		};
/* End XCConfigurationList section */

/* Begin XCRemoteSwiftPackageReference section */
		BBCDF02E282D4C6700FFC166 /* XCRemoteSwiftPackageReference "PromiseKit" */ = {
			isa = XCRemoteSwiftPackageReference;
			repositoryURL = "https://github.com/mxcl/PromiseKit";
			requirement = {
				branch = v6;
				kind = branch;
			};
		};
		BBCDF031282D4C7C00FFC166 /* XCRemoteSwiftPackageReference "SnapKit" */ = {
			isa = XCRemoteSwiftPackageReference;
			repositoryURL = "https://github.com/SnapKit/SnapKit.git";
			requirement = {
				branch = develop;
				kind = branch;
			};
		};
/* End XCRemoteSwiftPackageReference section */

/* Begin XCSwiftPackageProductDependency section */
		BBCDF02F282D4C6700FFC166 /* PromiseKit */ = {
			isa = XCSwiftPackageProductDependency;
			package = BBCDF02E282D4C6700FFC166 /* XCRemoteSwiftPackageReference "PromiseKit" */;
			productName = PromiseKit;
		};
		BBCDF032282D4C7C00FFC166 /* SnapKit */ = {
			isa = XCSwiftPackageProductDependency;
			package = BBCDF031282D4C7C00FFC166 /* XCRemoteSwiftPackageReference "SnapKit" */;
			productName = SnapKit;
		};
/* End XCSwiftPackageProductDependency section */
	};
	rootObject = BBCDEFE1282D3C7A00FFC166 /* Project object */;
}
